// !$*UTF8*$!
{
	archiveVersion = 1;
	classes = {
	};
	objectVersion = 46;
	objects = {

/* Begin PBXBuildFile section */
		15D58949140B7B6A0027D4A0 /* UIKit.framework in Frameworks */ = {isa = PBXBuildFile; fileRef = 15D58948140B7B6A0027D4A0 /* UIKit.framework */; };
		15D5894B140B7B6A0027D4A0 /* Foundation.framework in Frameworks */ = {isa = PBXBuildFile; fileRef = 15D5894A140B7B6A0027D4A0 /* Foundation.framework */; };
		15D5894D140B7B6A0027D4A0 /* CoreGraphics.framework in Frameworks */ = {isa = PBXBuildFile; fileRef = 15D5894C140B7B6A0027D4A0 /* CoreGraphics.framework */; };
		15D58953140B7B6A0027D4A0 /* InfoPlist.strings in Resources */ = {isa = PBXBuildFile; fileRef = 15D58951140B7B6A0027D4A0 /* InfoPlist.strings */; };
		15D58956140B7B6A0027D4A0 /* main.m in Sources */ = {isa = PBXBuildFile; fileRef = 15D58955140B7B6A0027D4A0 /* main.m */; };
		15D58959140B7B6A0027D4A0 /* HypnoTimeAppDelegate.m in Sources */ = {isa = PBXBuildFile; fileRef = 15D58958140B7B6A0027D4A0 /* HypnoTimeAppDelegate.m */; };
		15D5895C140B7B6A0027D4A0 /* MainWindow.xib in Resources */ = {isa = PBXBuildFile; fileRef = 15D5895A140B7B6A0027D4A0 /* MainWindow.xib */; };
		15D58963140B7BA90027D4A0 /* Time.png in Resources */ = {isa = PBXBuildFile; fileRef = 15D58962140B7BA90027D4A0 /* Time.png */; };
		15D58965140B7BB00027D4A0 /* Hypno.png in Resources */ = {isa = PBXBuildFile; fileRef = 15D58964140B7BB00027D4A0 /* Hypno.png */; };
		15D58968140B7BCD0027D4A0 /* HypnosisView.m in Sources */ = {isa = PBXBuildFile; fileRef = 15D58967140B7BCD0027D4A0 /* HypnosisView.m */; };
		15D5896B140B7C860027D4A0 /* CurrenyTimeViewController.m in Sources */ = {isa = PBXBuildFile; fileRef = 15D5896A140B7C860027D4A0 /* CurrenyTimeViewController.m */; };
		15D5896E140B7CB60027D4A0 /* HypnosisViewController.m in Sources */ = {isa = PBXBuildFile; fileRef = 15D5896D140B7CB60027D4A0 /* HypnosisViewController.m */; };
/* End PBXBuildFile section */

/* Begin PBXFileReference section */
		15D58944140B7B6A0027D4A0 /* HypnoTime.app */ = {isa = PBXFileReference; explicitFileType = wrapper.application; includeInIndex = 0; path = HypnoTime.app; sourceTree = BUILT_PRODUCTS_DIR; };
		15D58948140B7B6A0027D4A0 /* UIKit.framework */ = {isa = PBXFileReference; lastKnownFileType = wrapper.framework; name = UIKit.framework; path = System/Library/Frameworks/UIKit.framework; sourceTree = SDKROOT; };
		15D5894A140B7B6A0027D4A0 /* Foundation.framework */ = {isa = PBXFileReference; lastKnownFileType = wrapper.framework; name = Foundation.framework; path = System/Library/Frameworks/Foundation.framework; sourceTree = SDKROOT; };
		15D5894C140B7B6A0027D4A0 /* CoreGraphics.framework */ = {isa = PBXFileReference; lastKnownFileType = wrapper.framework; name = CoreGraphics.framework; path = System/Library/Frameworks/CoreGraphics.framework; sourceTree = SDKROOT; };
		15D58950140B7B6A0027D4A0 /* HypnoTime-Info.plist */ = {isa = PBXFileReference; lastKnownFileType = text.plist.xml; path = "HypnoTime-Info.plist"; sourceTree = "<group>"; };
		15D58952140B7B6A0027D4A0 /* en */ = {isa = PBXFileReference; lastKnownFileType = text.plist.strings; name = en; path = en.lproj/InfoPlist.strings; sourceTree = "<group>"; };
		15D58954140B7B6A0027D4A0 /* HypnoTime-Prefix.pch */ = {isa = PBXFileReference; lastKnownFileType = sourcecode.c.h; path = "HypnoTime-Prefix.pch"; sourceTree = "<group>"; };
		15D58955140B7B6A0027D4A0 /* main.m */ = {isa = PBXFileReference; lastKnownFileType = sourcecode.c.objc; path = main.m; sourceTree = "<group>"; };
		15D58957140B7B6A0027D4A0 /* HypnoTimeAppDelegate.h */ = {isa = PBXFileReference; lastKnownFileType = sourcecode.c.h; path = HypnoTimeAppDelegate.h; sourceTree = "<group>"; };
		15D58958140B7B6A0027D4A0 /* HypnoTimeAppDelegate.m */ = {isa = PBXFileReference; lastKnownFileType = sourcecode.c.objc; path = HypnoTimeAppDelegate.m; sourceTree = "<group>"; };
		15D5895B140B7B6A0027D4A0 /* en */ = {isa = PBXFileReference; lastKnownFileType = file.xib; name = en; path = en.lproj/MainWindow.xib; sourceTree = "<group>"; };
		15D58962140B7BA90027D4A0 /* Time.png */ = {isa = PBXFileReference; lastKnownFileType = image.png; path = Time.png; sourceTree = "<group>"; };
		15D58964140B7BB00027D4A0 /* Hypno.png */ = {isa = PBXFileReference; lastKnownFileType = image.png; path = Hypno.png; sourceTree = "<group>"; };
		15D58966140B7BCD0027D4A0 /* HypnosisView.h */ = {isa = PBXFileReference; fileEncoding = 4; lastKnownFileType = sourcecode.c.h; path = HypnosisView.h; sourceTree = "<group>"; };
		15D58967140B7BCD0027D4A0 /* HypnosisView.m */ = {isa = PBXFileReference; fileEncoding = 4; lastKnownFileType = sourcecode.c.objc; path = HypnosisView.m; sourceTree = "<group>"; };
		15D58969140B7C860027D4A0 /* CurrenyTimeViewController.h */ = {isa = PBXFileReference; fileEncoding = 4; lastKnownFileType = sourcecode.c.h; path = CurrenyTimeViewController.h; sourceTree = "<group>"; };
		15D5896A140B7C860027D4A0 /* CurrenyTimeViewController.m */ = {isa = PBXFileReference; fileEncoding = 4; lastKnownFileType = sourcecode.c.objc; path = CurrenyTimeViewController.m; sourceTree = "<group>"; };
		15D5896C140B7CB60027D4A0 /* HypnosisViewController.h */ = {isa = PBXFileReference; fileEncoding = 4; lastKnownFileType = sourcecode.c.h; path = HypnosisViewController.h; sourceTree = "<group>"; };
		15D5896D140B7CB60027D4A0 /* HypnosisViewController.m */ = {isa = PBXFileReference; fileEncoding = 4; lastKnownFileType = sourcecode.c.objc; path = HypnosisViewController.m; sourceTree = "<group>"; };
/* End PBXFileReference section */

/* Begin PBXFrameworksBuildPhase section */
		15D58941140B7B6A0027D4A0 /* Frameworks */ = {
			isa = PBXFrameworksBuildPhase;
			buildActionMask = 2147483647;
			files = (
				15D58949140B7B6A0027D4A0 /* UIKit.framework in Frameworks */,
				15D5894B140B7B6A0027D4A0 /* Foundation.framework in Frameworks */,
				15D5894D140B7B6A0027D4A0 /* CoreGraphics.framework in Frameworks */,
			);
			runOnlyForDeploymentPostprocessing = 0;
		};
/* End PBXFrameworksBuildPhase section */

/* Begin PBXGroup section */
		15D58939140B7B6A0027D4A0 = {
			isa = PBXGroup;
			children = (
				15D5894E140B7B6A0027D4A0 /* HypnoTime */,
				15D58947140B7B6A0027D4A0 /* Frameworks */,
				15D58945140B7B6A0027D4A0 /* Products */,
			);
			sourceTree = "<group>";
		};
		15D58945140B7B6A0027D4A0 /* Products */ = {
			isa = PBXGroup;
			children = (
				15D58944140B7B6A0027D4A0 /* HypnoTime.app */,
			);
			name = Products;
			sourceTree = "<group>";
		};
		15D58947140B7B6A0027D4A0 /* Frameworks */ = {
			isa = PBXGroup;
			children = (
				15D58948140B7B6A0027D4A0 /* UIKit.framework */,
				15D5894A140B7B6A0027D4A0 /* Foundation.framework */,
				15D5894C140B7B6A0027D4A0 /* CoreGraphics.framework */,
			);
			name = Frameworks;
			sourceTree = "<group>";
		};
		15D5894E140B7B6A0027D4A0 /* HypnoTime */ = {
			isa = PBXGroup;
			children = (
				15D58966140B7BCD0027D4A0 /* HypnosisView.h */,
				15D58967140B7BCD0027D4A0 /* HypnosisView.m */,
				15D58957140B7B6A0027D4A0 /* HypnoTimeAppDelegate.h */,
				15D58958140B7B6A0027D4A0 /* HypnoTimeAppDelegate.m */,
				15D5896C140B7CB60027D4A0 /* HypnosisViewController.h */,
				15D5896D140B7CB60027D4A0 /* HypnosisViewController.m */,
				15D58969140B7C860027D4A0 /* CurrenyTimeViewController.h */,
				15D5896A140B7C860027D4A0 /* CurrenyTimeViewController.m */,
				15D5895A140B7B6A0027D4A0 /* MainWindow.xib */,
				15D5894F140B7B6A0027D4A0 /* Supporting Files */,
			);
			path = HypnoTime;
			sourceTree = "<group>";
		};
		15D5894F140B7B6A0027D4A0 /* Supporting Files */ = {
			isa = PBXGroup;
			children = (
				15D58964140B7BB00027D4A0 /* Hypno.png */,
				15D58962140B7BA90027D4A0 /* Time.png */,
				15D58950140B7B6A0027D4A0 /* HypnoTime-Info.plist */,
				15D58951140B7B6A0027D4A0 /* InfoPlist.strings */,
				15D58954140B7B6A0027D4A0 /* HypnoTime-Prefix.pch */,
				15D58955140B7B6A0027D4A0 /* main.m */,
			);
			name = "Supporting Files";
			sourceTree = "<group>";
		};
/* End PBXGroup section */

/* Begin PBXNativeTarget section */
		15D58943140B7B6A0027D4A0 /* HypnoTime */ = {
			isa = PBXNativeTarget;
			buildConfigurationList = 15D5895F140B7B6A0027D4A0 /* Build configuration list for PBXNativeTarget "HypnoTime" */;
			buildPhases = (
				15D58940140B7B6A0027D4A0 /* Sources */,
				15D58941140B7B6A0027D4A0 /* Frameworks */,
				15D58942140B7B6A0027D4A0 /* Resources */,
			);
			buildRules = (
			);
			dependencies = (
			);
			name = HypnoTime;
			productName = HypnoTime;
			productReference = 15D58944140B7B6A0027D4A0 /* HypnoTime.app */;
			productType = "com.apple.product-type.application";
		};
/* End PBXNativeTarget section */

/* Begin PBXProject section */
		15D5893B140B7B6A0027D4A0 /* Project object */ = {
			isa = PBXProject;
			buildConfigurationList = 15D5893E140B7B6A0027D4A0 /* Build configuration list for PBXProject "HypnoTime" */;
			compatibilityVersion = "Xcode 3.2";
			developmentRegion = English;
			hasScannedForEncodings = 0;
			knownRegions = (
				en,
			);
			mainGroup = 15D58939140B7B6A0027D4A0;
			productRefGroup = 15D58945140B7B6A0027D4A0 /* Products */;
			projectDirPath = "";
			projectRoot = "";
			targets = (
				15D58943140B7B6A0027D4A0 /* HypnoTime */,
			);
		};
/* End PBXProject section */

/* Begin PBXResourcesBuildPhase section */
		15D58942140B7B6A0027D4A0 /* Resources */ = {
			isa = PBXResourcesBuildPhase;
			buildActionMask = 2147483647;
			files = (
				15D58953140B7B6A0027D4A0 /* InfoPlist.strings in Resources */,
				15D5895C140B7B6A0027D4A0 /* MainWindow.xib in Resources */,
				15D58963140B7BA90027D4A0 /* Time.png in Resources */,
				15D58965140B7BB00027D4A0 /* Hypno.png in Resources */,
			);
			runOnlyForDeploymentPostprocessing = 0;
		};
/* End PBXResourcesBuildPhase section */

/* Begin PBXSourcesBuildPhase section */
		15D58940140B7B6A0027D4A0 /* Sources */ = {
			isa = PBXSourcesBuildPhase;
			buildActionMask = 2147483647;
			files = (
				15D58956140B7B6A0027D4A0 /* main.m in Sources */,
				15D58959140B7B6A0027D4A0 /* HypnoTimeAppDelegate.m in Sources */,
				15D58968140B7BCD0027D4A0 /* HypnosisView.m in Sources */,
				15D5896B140B7C860027D4A0 /* CurrenyTimeViewController.m in Sources */,
				15D5896E140B7CB60027D4A0 /* HypnosisViewController.m in Sources */,
			);
			runOnlyForDeploymentPostprocessing = 0;
		};
/* End PBXSourcesBuildPhase section */

/* Begin PBXVariantGroup section */
		15D58951140B7B6A0027D4A0 /* InfoPlist.strings */ = {
			isa = PBXVariantGroup;
			children = (
				15D58952140B7B6A0027D4A0 /* en */,
			);
			name = InfoPlist.strings;
			sourceTree = "<group>";
		};
		15D5895A140B7B6A0027D4A0 /* MainWindow.xib */ = {
			isa = PBXVariantGroup;
			children = (
				15D5895B140B7B6A0027D4A0 /* en */,
			);
			name = MainWindow.xib;
			sourceTree = "<group>";
		};
/* End PBXVariantGroup section */

/* Begin XCBuildConfiguration section */
		15D5895D140B7B6A0027D4A0 /* Debug */ = {
			isa = XCBuildConfiguration;
			buildSettings = {
				ARCHS = "$(ARCHS_STANDARD_32_BIT)";
				"CODE_SIGN_IDENTITY[sdk=iphoneos*]" = "iPhone Developer";
				GCC_C_LANGUAGE_STANDARD = gnu99;
				GCC_OPTIMIZATION_LEVEL = 0;
				GCC_PREPROCESSOR_DEFINITIONS = DEBUG;
				GCC_SYMBOLS_PRIVATE_EXTERN = NO;
				GCC_VERSION = com.apple.compilers.llvmgcc42;
				GCC_WARN_ABOUT_RETURN_TYPE = YES;
				GCC_WARN_UNUSED_VARIABLE = YES;
				IPHONEOS_DEPLOYMENT_TARGET = 4.3;
				SDKROOT = iphoneos;
			};
			name = Debug;
		};
		15D5895E140B7B6A0027D4A0 /* Release */ = {
			isa = XCBuildConfiguration;
			buildSettings = {
				ARCHS = "$(ARCHS_STANDARD_32_BIT)";
				"CODE_SIGN_IDENTITY[sdk=iphoneos*]" = "iPhone Developer";
				GCC_C_LANGUAGE_STANDARD = gnu99;
				GCC_VERSION = com.apple.compilers.llvmgcc42;
				GCC_WARN_ABOUT_RETURN_TYPE = YES;
				GCC_WARN_UNUSED_VARIABLE = YES;
				IPHONEOS_DEPLOYMENT_TARGET = 4.3;
				OTHER_CFLAGS = "-DNS_BLOCK_ASSERTIONS=1";
				SDKROOT = iphoneos;
			};
			name = Release;
		};
		15D58960140B7B6A0027D4A0 /* Debug */ = {
			isa = XCBuildConfiguration;
			buildSettings = {
				ALWAYS_SEARCH_USER_PATHS = NO;
				COPY_PHASE_STRIP = NO;
				GCC_DYNAMIC_NO_PIC = NO;
				GCC_PRECOMPILE_PREFIX_HEADER = YES;
				GCC_PREFIX_HEADER = "HypnoTime/HypnoTime-Prefix.pch";
				INFOPLIST_FILE = "HypnoTime/HypnoTime-Info.plist";
				PRODUCT_NAME = "$(TARGET_NAME)";
				WRAPPER_EXTENSION = app;
			};
			name = Debug;
		};
		15D58961140B7B6A0027D4A0 /* Release */ = {
			isa = XCBuildConfiguration;
			buildSettings = {
				ALWAYS_SEARCH_USER_PATHS = NO;
				COPY_PHASE_STRIP = YES;
				GCC_PRECOMPILE_PREFIX_HEADER = YES;
				GCC_PREFIX_HEADER = "HypnoTime/HypnoTime-Prefix.pch";
				INFOPLIST_FILE = "HypnoTime/HypnoTime-Info.plist";
				PRODUCT_NAME = "$(TARGET_NAME)";
				VALIDATE_PRODUCT = YES;
				WRAPPER_EXTENSION = app;
			};
			name = Release;
		};
/* End XCBuildConfiguration section */

/* Begin XCConfigurationList section */
		15D5893E140B7B6A0027D4A0 /* Build configuration list for PBXProject "HypnoTime" */ = {
			isa = XCConfigurationList;
			buildConfigurations = (
				15D5895D140B7B6A0027D4A0 /* Debug */,
				15D5895E140B7B6A0027D4A0 /* Release */,
			);
			defaultConfigurationIsVisible = 0;
			defaultConfigurationName = Release;
		};
		15D5895F140B7B6A0027D4A0 /* Build configuration list for PBXNativeTarget "HypnoTime" */ = {
			isa = XCConfigurationList;
			buildConfigurations = (
				15D58960140B7B6A0027D4A0 /* Debug */,
				15D58961140B7B6A0027D4A0 /* Release */,
			);
			defaultConfigurationIsVisible = 0;
		};
/* End XCConfigurationList section */
	};
	rootObject = 15D5893B140B7B6A0027D4A0 /* Project object */;
}
